
Microsoft Visual Studio Solution File, Format Version 12.00
# Visual Studio Version 17
VisualStudioVersion = 17.0.32014.148
MinimumVisualStudioVersion = 10.0.40219.1
Project("{9A19103F-16F7-4668-BE54-9A1E7A4F7556}") = "EnglishNote.Domain", "EnglishNote.Domain\EnglishNote.Domain.csproj", "{995D4B98-AF6F-4757-AD8D-C1A333CC1019}"
EndProject
Project("{9A19103F-16F7-4668-BE54-9A1E7A4F7556}") = "EnglishNote.Infrastructure", "EnglishNote.Infrastructure\EnglishNote.Infrastructure.csproj", "{AC3455F1-1137-4CB5-83E2-265B99C6E723}"
EndProject
Project("{9A19103F-16F7-4668-BE54-9A1E7A4F7556}") = "EnglishNote.API", "EnglishNote.API\EnglishNote.API.csproj", "{E28B6FED-4C05-4089-AF86-287EEC23EAAC}"
EndProject
Project("{9A19103F-16F7-4668-BE54-9A1E7A4F7556}") = "EnglishNote.Libary", "EnglishNote.Libary\EnglishNote.Libary.csproj", "{6129EF82-CD6E-4009-8645-A213E2AF9940}"
EndProject
Global
	GlobalSection(SolutionConfigurationPlatforms) = preSolution
		Debug|Any CPU = Debug|Any CPU
		Release|Any CPU = Release|Any CPU
	EndGlobalSection
	GlobalSection(ProjectConfigurationPlatforms) = postSolution
		{995D4B98-AF6F-4757-AD8D-C1A333CC1019}.Debug|Any CPU.ActiveCfg = Debug|Any CPU
		{995D4B98-AF6F-4757-AD8D-C1A333CC1019}.Debug|Any CPU.Build.0 = Debug|Any CPU
		{995D4B98-AF6F-4757-AD8D-C1A333CC1019}.Release|Any CPU.ActiveCfg = Release|Any CPU
		{995D4B98-AF6F-4757-AD8D-C1A333CC1019}.Release|Any CPU.Build.0 = Release|Any CPU
		{AC3455F1-1137-4CB5-83E2-265B99C6E723}.Debug|Any CPU.ActiveCfg = Debug|Any CPU
		{AC3455F1-1137-4CB5-83E2-265B99C6E723}.Debug|Any CPU.Build.0 = Debug|Any CPU
		{AC3455F1-1137-4CB5-83E2-265B99C6E723}.Release|Any CPU.ActiveCfg = Release|Any CPU
		{AC3455F1-1137-4CB5-83E2-265B99C6E723}.Release|Any CPU.Build.0 = Release|Any CPU
		{E28B6FED-4C05-4089-AF86-287EEC23EAAC}.Debug|Any CPU.ActiveCfg = Debug|Any CPU
		{E28B6FED-4C05-4089-AF86-287EEC23EAAC}.Debug|Any CPU.Build.0 = Debug|Any CPU
		{E28B6FED-4C05-4089-AF86-287EEC23EAAC}.Release|Any CPU.ActiveCfg = Release|Any CPU
		{E28B6FED-4C05-4089-AF86-287EEC23EAAC}.Release|Any CPU.Build.0 = Release|Any CPU
		{6129EF82-CD6E-4009-8645-A213E2AF9940}.Debug|Any CPU.ActiveCfg = Debug|Any CPU
		{6129EF82-CD6E-4009-8645-A213E2AF9940}.Debug|Any CPU.Build.0 = Debug|Any CPU
		{6129EF82-CD6E-4009-8645-A213E2AF9940}.Release|Any CPU.ActiveCfg = Release|Any CPU
		{6129EF82-CD6E-4009-8645-A213E2AF9940}.Release|Any CPU.Build.0 = Release|Any CPU
	EndGlobalSection
	GlobalSection(SolutionProperties) = preSolution
		HideSolutionNode = FALSE
	EndGlobalSection
	GlobalSection(ExtensibilityGlobals) = postSolution
		SolutionGuid = {C53D8F7D-A74B-4976-99C0-A0FE66040D35}
	EndGlobalSection
EndGlobal
